
Microsoft Visual Studio Solution File, Format Version 12.00
Project("{FAE04EC0-301F-11D3-BF4B-00C04F79EFBC}") = "ApiSecuityServer.Hub", "ApiSecuityServer.Hub\ApiSecuityServer.Hub.csproj", "{93CE40DC-35E8-4D9F-A831-814B0BF959FF}"
EndProject
Project("{FAE04EC0-301F-11D3-BF4B-00C04F79EFBC}") = "ApiSecuityServer.Grpc", "ApiSecuityServer.Grpc\ApiSecuityServer.Grpc.csproj", "{FE8D233D-FEC3-4FB3-8BED-A11A9CB8651C}"
EndProject
Project("{FAE04EC0-301F-11D3-BF4B-00C04F79EFBC}") = "ApiSecuityServer.Message", "ApiSecuityServer.Message\ApiSecuityServer.Message.csproj", "{0E926459-5D3D-4F10-9D2D-16CE72306AF8}"
EndProject
Project("{FAE04EC0-301F-11D3-BF4B-00C04F79EFBC}") = "ApiSecuity.Client", "AvaloniaApplication1\ApiSecuity.Client\ApiSecuity.Client.csproj", "{AEC65ED3-9F56-40F2-B67C-69ECA3602027}"
EndProject
Project("{FAE04EC0-301F-11D3-BF4B-00C04F79EFBC}") = "ApiSecuity.Client.Desktop", "AvaloniaApplication1\ApiSecuity.Client.Desktop\ApiSecuity.Client.Desktop.csproj", "{E2F06D1C-005C-40AC-A820-367F69D80A17}"
EndProject
Global
	GlobalSection(SolutionConfigurationPlatforms) = preSolution
		Debug|Any CPU = Debug|Any CPU
		Release|Any CPU = Release|Any CPU
	EndGlobalSection
	GlobalSection(ProjectConfigurationPlatforms) = postSolution
		{93CE40DC-35E8-4D9F-A831-814B0BF959FF}.Debug|Any CPU.ActiveCfg = Debug|Any CPU
		{93CE40DC-35E8-4D9F-A831-814B0BF959FF}.Debug|Any CPU.Build.0 = Debug|Any CPU
		{93CE40DC-35E8-4D9F-A831-814B0BF959FF}.Release|Any CPU.ActiveCfg = Release|Any CPU
		{93CE40DC-35E8-4D9F-A831-814B0BF959FF}.Release|Any CPU.Build.0 = Release|Any CPU
		{FE8D233D-FEC3-4FB3-8BED-A11A9CB8651C}.Debug|Any CPU.ActiveCfg = Debug|Any CPU
		{FE8D233D-FEC3-4FB3-8BED-A11A9CB8651C}.Debug|Any CPU.Build.0 = Debug|Any CPU
		{FE8D233D-FEC3-4FB3-8BED-A11A9CB8651C}.Release|Any CPU.ActiveCfg = Release|Any CPU
		{FE8D233D-FEC3-4FB3-8BED-A11A9CB8651C}.Release|Any CPU.Build.0 = Release|Any CPU
		{0E926459-5D3D-4F10-9D2D-16CE72306AF8}.Debug|Any CPU.ActiveCfg = Debug|Any CPU
		{0E926459-5D3D-4F10-9D2D-16CE72306AF8}.Debug|Any CPU.Build.0 = Debug|Any CPU
		{0E926459-5D3D-4F10-9D2D-16CE72306AF8}.Release|Any CPU.ActiveCfg = Release|Any CPU
		{0E926459-5D3D-4F10-9D2D-16CE72306AF8}.Release|Any CPU.Build.0 = Release|Any CPU
		{AEC65ED3-9F56-40F2-B67C-69ECA3602027}.Debug|Any CPU.ActiveCfg = Debug|Any CPU
		{AEC65ED3-9F56-40F2-B67C-69ECA3602027}.Debug|Any CPU.Build.0 = Debug|Any CPU
		{AEC65ED3-9F56-40F2-B67C-69ECA3602027}.Release|Any CPU.ActiveCfg = Release|Any CPU
		{AEC65ED3-9F56-40F2-B67C-69ECA3602027}.Release|Any CPU.Build.0 = Release|Any CPU
		{E2F06D1C-005C-40AC-A820-367F69D80A17}.Debug|Any CPU.ActiveCfg = Debug|Any CPU
		{E2F06D1C-005C-40AC-A820-367F69D80A17}.Debug|Any CPU.Build.0 = Debug|Any CPU
		{E2F06D1C-005C-40AC-A820-367F69D80A17}.Release|Any CPU.ActiveCfg = Release|Any CPU
		{E2F06D1C-005C-40AC-A820-367F69D80A17}.Release|Any CPU.Build.0 = Release|Any CPU
	EndGlobalSection
EndGlobal
